
Microsoft Visual Studio Solution File, Format Version 12.00
# Visual Studio Version 16
VisualStudioVersion = 16.0.31605.320
MinimumVisualStudioVersion = 10.0.40219.1
Project("{FAE04EC0-301F-11D3-BF4B-00C04F79EFBC}") = "CKK.Logic", "CKK.Logic\CKK.Logic.csproj", "{18C55BD7-4BA6-4670-B322-2EB4C0D50370}"
EndProject
Global
	GlobalSection(SolutionConfigurationPlatforms) = preSolution
		Debug|Any CPU = Debug|Any CPU
		Release|Any CPU = Release|Any CPU
	EndGlobalSection
	GlobalSection(ProjectConfigurationPlatforms) = postSolution
		{18C55BD7-4BA6-4670-B322-2EB4C0D50370}.Debug|Any CPU.ActiveCfg = Debug|Any CPU
		{18C55BD7-4BA6-4670-B322-2EB4C0D50370}.Debug|Any CPU.Build.0 = Debug|Any CPU
		{18C55BD7-4BA6-4670-B322-2EB4C0D50370}.Release|Any CPU.ActiveCfg = Release|Any CPU
		{18C55BD7-4BA6-4670-B322-2EB4C0D50370}.Release|Any CPU.Build.0 = Release|Any CPU
	EndGlobalSection
	GlobalSection(SolutionProperties) = preSolution
		HideSolutionNode = FALSE
	EndGlobalSection
	GlobalSection(ExtensibilityGlobals) = postSolution
		SolutionGuid = {0AB61ABE-61FF-4DDF-9B12-80BE0A92C7F4}
	EndGlobalSection
EndGlobal
